
Microsoft Visual Studio Solution File, Format Version 12.00
# Visual Studio 15
VisualStudioVersion = 15.0.28307.572
MinimumVisualStudioVersion = 10.0.40219.1
Project("{FAE04EC0-301F-11D3-BF4B-00C04F79EFBC}") = "ToDoMVC", "ToDoMVC\ToDoMVC.csproj", "{5D1BAAAB-0BE9-4900-8C39-84FDE019F22E}"
EndProject
Project("{FAE04EC0-301F-11D3-BF4B-00C04F79EFBC}") = "Infrastructure", "..\Infrastructure\Infrastructure.csproj", "{5A368C06-A312-4436-A3E4-B144018E336C}"
EndProject
Project("{FAE04EC0-301F-11D3-BF4B-00C04F79EFBC}") = "DAL.EF.Fake", "DAL\DAL.EF.Fake.csproj", "{3B217E6A-01C7-4C88-BE7F-DC734B7FB67C}"
EndProject
Project("{FAE04EC0-301F-11D3-BF4B-00C04F79EFBC}") = "BL", "BL\BL.csproj", "{9C1B6B76-F5E0-43B4-9B6A-ECD33D90FEC7}"
EndProject
Project("{FAE04EC0-301F-11D3-BF4B-00C04F79EFBC}") = "DAL.EF", "DAL.EF\DAL.EF.csproj", "{13AEF371-3164-4E4A-8ECD-2C37774160F9}"
EndProject
Project("{FAE04EC0-301F-11D3-BF4B-00C04F79EFBC}") = "UnitTest.MVC", "UnitTest.MVC\UnitTest.MVC.csproj", "{DE590F1E-165D-450A-AF10-2BE3360DC133}"
EndProject
Project("{FAE04EC0-301F-11D3-BF4B-00C04F79EFBC}") = "UnitTest.BL", "UnitTest.BL\UnitTest.BL.csproj", "{9F14DA1A-562D-463E-BB81-933AFB096033}"
EndProject
Global
	GlobalSection(SolutionConfigurationPlatforms) = preSolution
		Debug|Any CPU = Debug|Any CPU
		Release|Any CPU = Release|Any CPU
	EndGlobalSection
	GlobalSection(ProjectConfigurationPlatforms) = postSolution
		{5D1BAAAB-0BE9-4900-8C39-84FDE019F22E}.Debug|Any CPU.ActiveCfg = Debug|Any CPU
		{5D1BAAAB-0BE9-4900-8C39-84FDE019F22E}.Debug|Any CPU.Build.0 = Debug|Any CPU
		{5D1BAAAB-0BE9-4900-8C39-84FDE019F22E}.Release|Any CPU.ActiveCfg = Release|Any CPU
		{5D1BAAAB-0BE9-4900-8C39-84FDE019F22E}.Release|Any CPU.Build.0 = Release|Any CPU
		{5A368C06-A312-4436-A3E4-B144018E336C}.Debug|Any CPU.ActiveCfg = Debug|Any CPU
		{5A368C06-A312-4436-A3E4-B144018E336C}.Debug|Any CPU.Build.0 = Debug|Any CPU
		{5A368C06-A312-4436-A3E4-B144018E336C}.Release|Any CPU.ActiveCfg = Release|Any CPU
		{5A368C06-A312-4436-A3E4-B144018E336C}.Release|Any CPU.Build.0 = Release|Any CPU
		{3B217E6A-01C7-4C88-BE7F-DC734B7FB67C}.Debug|Any CPU.ActiveCfg = Debug|Any CPU
		{3B217E6A-01C7-4C88-BE7F-DC734B7FB67C}.Debug|Any CPU.Build.0 = Debug|Any CPU
		{3B217E6A-01C7-4C88-BE7F-DC734B7FB67C}.Release|Any CPU.ActiveCfg = Release|Any CPU
		{3B217E6A-01C7-4C88-BE7F-DC734B7FB67C}.Release|Any CPU.Build.0 = Release|Any CPU
		{9C1B6B76-F5E0-43B4-9B6A-ECD33D90FEC7}.Debug|Any CPU.ActiveCfg = Debug|Any CPU
		{9C1B6B76-F5E0-43B4-9B6A-ECD33D90FEC7}.Debug|Any CPU.Build.0 = Debug|Any CPU
		{9C1B6B76-F5E0-43B4-9B6A-ECD33D90FEC7}.Release|Any CPU.ActiveCfg = Release|Any CPU
		{9C1B6B76-F5E0-43B4-9B6A-ECD33D90FEC7}.Release|Any CPU.Build.0 = Release|Any CPU
		{13AEF371-3164-4E4A-8ECD-2C37774160F9}.Debug|Any CPU.ActiveCfg = Debug|Any CPU
		{13AEF371-3164-4E4A-8ECD-2C37774160F9}.Debug|Any CPU.Build.0 = Debug|Any CPU
		{13AEF371-3164-4E4A-8ECD-2C37774160F9}.Release|Any CPU.ActiveCfg = Release|Any CPU
		{13AEF371-3164-4E4A-8ECD-2C37774160F9}.Release|Any CPU.Build.0 = Release|Any CPU
		{DE590F1E-165D-450A-AF10-2BE3360DC133}.Debug|Any CPU.ActiveCfg = Debug|Any CPU
		{DE590F1E-165D-450A-AF10-2BE3360DC133}.Debug|Any CPU.Build.0 = Debug|Any CPU
		{DE590F1E-165D-450A-AF10-2BE3360DC133}.Release|Any CPU.ActiveCfg = Release|Any CPU
		{DE590F1E-165D-450A-AF10-2BE3360DC133}.Release|Any CPU.Build.0 = Release|Any CPU
		{9F14DA1A-562D-463E-BB81-933AFB096033}.Debug|Any CPU.ActiveCfg = Debug|Any CPU
		{9F14DA1A-562D-463E-BB81-933AFB096033}.Debug|Any CPU.Build.0 = Debug|Any CPU
		{9F14DA1A-562D-463E-BB81-933AFB096033}.Release|Any CPU.ActiveCfg = Release|Any CPU
		{9F14DA1A-562D-463E-BB81-933AFB096033}.Release|Any CPU.Build.0 = Release|Any CPU
	EndGlobalSection
	GlobalSection(SolutionProperties) = preSolution
		HideSolutionNode = FALSE
	EndGlobalSection
	GlobalSection(ExtensibilityGlobals) = postSolution
		SolutionGuid = {26E17625-30AB-4C38-BA08-83756A8F0A90}
	EndGlobalSection
EndGlobal
